Microsoft Visual Studio Solution File, Format Version 12.00
# Visual Studio 14
Project("{8BC9CEB8-8B4A-11D0-8D11-00A0C91BC942}") = "NJLIC-exe", "NJLIC-exe.vcxproj", "{352A217E-886A-3206-B9B4-2209B866C8B0}"
	ProjectSection(ProjectDependencies) = postProject
		{A5A7E793-F8DD-3CE7-87C9-D364E9F2F0AE} = {A5A7E793-F8DD-3CE7-87C9-D364E9F2F0AE}
		{5BA9063A-BB5F-36B8-86E6-205EF2B8D053} = {5BA9063A-BB5F-36B8-86E6-205EF2B8D053}
		{0D6DA0F8-F8AF-3C4A-8ACB-3DD5E51C5408} = {0D6DA0F8-F8AF-3C4A-8ACB-3DD5E51C5408}
	EndProjectSection
EndProject
Project("{8BC9CEB8-8B4A-11D0-8D11-00A0C91BC942}") = "ALL_BUILD", "ALL_BUILD.vcxproj", "{57D89A53-BE50-3DF6-BF2F-7DE8D2D29A66}"
	ProjectSection(ProjectDependencies) = postProject
		{1DB7BC2A-FFCA-3752-8F71-F500DF09FC8E} = {1DB7BC2A-FFCA-3752-8F71-F500DF09FC8E}
		{2B8A8C04-3B9B-3D86-BC0A-4076359A998F} = {2B8A8C04-3B9B-3D86-BC0A-4076359A998F}
		{352A217E-886A-3206-B9B4-2209B866C8B0} = {352A217E-886A-3206-B9B4-2209B866C8B0}
		{F8345A8B-1A4D-3C65-BF36-7D4C76FE1F78} = {F8345A8B-1A4D-3C65-BF36-7D4C76FE1F78}
		{E280264C-6B90-3D46-8460-1A7AA340DC6A} = {E280264C-6B90-3D46-8460-1A7AA340DC6A}
		{A5A7E793-F8DD-3CE7-87C9-D364E9F2F0AE} = {A5A7E793-F8DD-3CE7-87C9-D364E9F2F0AE}
		{85A0FB8F-4755-3447-8E75-D2521B0C248E} = {85A0FB8F-4755-3447-8E75-D2521B0C248E}
		{D4D1808C-3A2A-3036-8896-105CF42CB52E} = {D4D1808C-3A2A-3036-8896-105CF42CB52E}
		{5BA9063A-BB5F-36B8-86E6-205EF2B8D053} = {5BA9063A-BB5F-36B8-86E6-205EF2B8D053}
		{0D6DA0F8-F8AF-3C4A-8ACB-3DD5E51C5408} = {0D6DA0F8-F8AF-3C4A-8ACB-3DD5E51C5408}
		{D5494E20-6E54-34C9-B55B-C9F6B4956A57} = {D5494E20-6E54-34C9-B55B-C9F6B4956A57}
		{CC182B91-BE13-3CEE-9F31-A168D5D772BE} = {CC182B91-BE13-3CEE-9F31-A168D5D772BE}
	EndProjectSection
EndProject
Project("{8BC9CEB8-8B4A-11D0-8D11-00A0C91BC942}") = "INSTALL", "INSTALL.vcxproj", "{4627604E-C3C7-3B8B-8973-3E8E0298B4F5}"
	ProjectSection(ProjectDependencies) = postProject
		{57D89A53-BE50-3DF6-BF2F-7DE8D2D29A66} = {57D89A53-BE50-3DF6-BF2F-7DE8D2D29A66}
		{0D6DA0F8-F8AF-3C4A-8ACB-3DD5E51C5408} = {0D6DA0F8-F8AF-3C4A-8ACB-3DD5E51C5408}
	EndProjectSection
EndProject
Project("{8BC9CEB8-8B4A-11D0-8D11-00A0C91BC942}") = "NJLIC", "NJLIC.vcxproj", "{1DB7BC2A-FFCA-3752-8F71-F500DF09FC8E}"
	ProjectSection(ProjectDependencies) = postProject
		{A5A7E793-F8DD-3CE7-87C9-D364E9F2F0AE} = {A5A7E793-F8DD-3CE7-87C9-D364E9F2F0AE}
		{5BA9063A-BB5F-36B8-86E6-205EF2B8D053} = {5BA9063A-BB5F-36B8-86E6-205EF2B8D053}
		{0D6DA0F8-F8AF-3C4A-8ACB-3DD5E51C5408} = {0D6DA0F8-F8AF-3C4A-8ACB-3DD5E51C5408}
	EndProjectSection
EndProject
Project("{8BC9CEB8-8B4A-11D0-8D11-00A0C91BC942}") = "NJLIC-documentation", "NJLIC-documentation.vcxproj", "{2B8A8C04-3B9B-3D86-BC0A-4076359A998F}"
	ProjectSection(ProjectDependencies) = postProject
		{0D6DA0F8-F8AF-3C4A-8ACB-3DD5E51C5408} = {0D6DA0F8-F8AF-3C4A-8ACB-3DD5E51C5408}
	EndProjectSection
EndProject
Project("{8BC9CEB8-8B4A-11D0-8D11-00A0C91BC942}") = "NJLIC-lua-swig-bullet3", "NJLIC-lua-swig-bullet3.vcxproj", "{F8345A8B-1A4D-3C65-BF36-7D4C76FE1F78}"
	ProjectSection(ProjectDependencies) = postProject
		{A5A7E793-F8DD-3CE7-87C9-D364E9F2F0AE} = {A5A7E793-F8DD-3CE7-87C9-D364E9F2F0AE}
		{5BA9063A-BB5F-36B8-86E6-205EF2B8D053} = {5BA9063A-BB5F-36B8-86E6-205EF2B8D053}
		{0D6DA0F8-F8AF-3C4A-8ACB-3DD5E51C5408} = {0D6DA0F8-F8AF-3C4A-8ACB-3DD5E51C5408}
	EndProjectSection
EndProject
Project("{8BC9CEB8-8B4A-11D0-8D11-00A0C91BC942}") = "NJLIC-lua-swig-bullet3-module", "NJLIC-lua-swig-bullet3-module.vcxproj", "{E280264C-6B90-3D46-8460-1A7AA340DC6A}"
	ProjectSection(ProjectDependencies) = postProject
		{A5A7E793-F8DD-3CE7-87C9-D364E9F2F0AE} = {A5A7E793-F8DD-3CE7-87C9-D364E9F2F0AE}
		{5BA9063A-BB5F-36B8-86E6-205EF2B8D053} = {5BA9063A-BB5F-36B8-86E6-205EF2B8D053}
		{0D6DA0F8-F8AF-3C4A-8ACB-3DD5E51C5408} = {0D6DA0F8-F8AF-3C4A-8ACB-3DD5E51C5408}
	EndProjectSection
EndProject
Project("{8BC9CEB8-8B4A-11D0-8D11-00A0C91BC942}") = "NJLIC-lua-swig-bullet3-static", "NJLIC-lua-swig-bullet3-static.vcxproj", "{A5A7E793-F8DD-3CE7-87C9-D364E9F2F0AE}"
	ProjectSection(ProjectDependencies) = postProject
		{0AD00D55-BAE9-342F-8C96-E72A2985FF5E} = {0AD00D55-BAE9-342F-8C96-E72A2985FF5E}
	EndProjectSection
EndProject
Project("{8BC9CEB8-8B4A-11D0-8D11-00A0C91BC942}") = "NJLIC-lua-swig-njlic", "NJLIC-lua-swig-njlic.vcxproj", "{85A0FB8F-4755-3447-8E75-D2521B0C248E}"
	ProjectSection(ProjectDependencies) = postProject
		{A5A7E793-F8DD-3CE7-87C9-D364E9F2F0AE} = {A5A7E793-F8DD-3CE7-87C9-D364E9F2F0AE}
		{5BA9063A-BB5F-36B8-86E6-205EF2B8D053} = {5BA9063A-BB5F-36B8-86E6-205EF2B8D053}
		{0D6DA0F8-F8AF-3C4A-8ACB-3DD5E51C5408} = {0D6DA0F8-F8AF-3C4A-8ACB-3DD5E51C5408}
	EndProjectSection
EndProject
Project("{8BC9CEB8-8B4A-11D0-8D11-00A0C91BC942}") = "NJLIC-lua-swig-njlic-module", "NJLIC-lua-swig-njlic-module.vcxproj", "{D4D1808C-3A2A-3036-8896-105CF42CB52E}"
	ProjectSection(ProjectDependencies) = postProject
		{A5A7E793-F8DD-3CE7-87C9-D364E9F2F0AE} = {A5A7E793-F8DD-3CE7-87C9-D364E9F2F0AE}
		{5BA9063A-BB5F-36B8-86E6-205EF2B8D053} = {5BA9063A-BB5F-36B8-86E6-205EF2B8D053}
		{0D6DA0F8-F8AF-3C4A-8ACB-3DD5E51C5408} = {0D6DA0F8-F8AF-3C4A-8ACB-3DD5E51C5408}
	EndProjectSection
EndProject
Project("{8BC9CEB8-8B4A-11D0-8D11-00A0C91BC942}") = "NJLIC-lua-swig-njlic-static", "NJLIC-lua-swig-njlic-static.vcxproj", "{5BA9063A-BB5F-36B8-86E6-205EF2B8D053}"
	ProjectSection(ProjectDependencies) = postProject
		{0D6DA0F8-F8AF-3C4A-8ACB-3DD5E51C5408} = {0D6DA0F8-F8AF-3C4A-8ACB-3DD5E51C5408}
	EndProjectSection
EndProject
Project("{8BC9CEB8-8B4A-11D0-8D11-00A0C91BC942}") = "NJLIC-static", "NJLIC-static.vcxproj", "{0AD00D55-BAE9-342F-8C96-E72A2985FF5E}"
	ProjectSection(ProjectDependencies) = postProject
		{5BA9063A-BB5F-36B8-86E6-205EF2B8D053} = {5BA9063A-BB5F-36B8-86E6-205EF2B8D053}
		{0D6DA0F8-F8AF-3C4A-8ACB-3DD5E51C5408} = {0D6DA0F8-F8AF-3C4A-8ACB-3DD5E51C5408}
	EndProjectSection
EndProject
Project("{8BC9CEB8-8B4A-11D0-8D11-00A0C91BC942}") = "PACKAGE", "PACKAGE.vcxproj", "{5C4C2D68-11E5-383A-96C0-B9B972083DDD}"
	ProjectSection(ProjectDependencies) = postProject
		{57D89A53-BE50-3DF6-BF2F-7DE8D2D29A66} = {57D89A53-BE50-3DF6-BF2F-7DE8D2D29A66}
		{0D6DA0F8-F8AF-3C4A-8ACB-3DD5E51C5408} = {0D6DA0F8-F8AF-3C4A-8ACB-3DD5E51C5408}
	EndProjectSection
EndProject
Project("{8BC9CEB8-8B4A-11D0-8D11-00A0C91BC942}") = "ZERO_CHECK", "ZERO_CHECK.vcxproj", "{0D6DA0F8-F8AF-3C4A-8ACB-3DD5E51C5408}"
	ProjectSection(ProjectDependencies) = postProject
	EndProjectSection
EndProject
Project("{8BC9CEB8-8B4A-11D0-8D11-00A0C91BC942}") = "clang-format", "clang-format.vcxproj", "{DA13E4EE-1C7B-3F37-B27B-22E634E19386}"
	ProjectSection(ProjectDependencies) = postProject
		{0D6DA0F8-F8AF-3C4A-8ACB-3DD5E51C5408} = {0D6DA0F8-F8AF-3C4A-8ACB-3DD5E51C5408}
	EndProjectSection
EndProject
Project("{8BC9CEB8-8B4A-11D0-8D11-00A0C91BC942}") = "cppcheck", "cppcheck.vcxproj", "{FE359736-A35E-3BEE-B88A-CE1DCC065FAE}"
	ProjectSection(ProjectDependencies) = postProject
		{0D6DA0F8-F8AF-3C4A-8ACB-3DD5E51C5408} = {0D6DA0F8-F8AF-3C4A-8ACB-3DD5E51C5408}
	EndProjectSection
EndProject
Project("{8BC9CEB8-8B4A-11D0-8D11-00A0C91BC942}") = "lua", "lua.vcxproj", "{D5494E20-6E54-34C9-B55B-C9F6B4956A57}"
	ProjectSection(ProjectDependencies) = postProject
		{A5A7E793-F8DD-3CE7-87C9-D364E9F2F0AE} = {A5A7E793-F8DD-3CE7-87C9-D364E9F2F0AE}
		{5BA9063A-BB5F-36B8-86E6-205EF2B8D053} = {5BA9063A-BB5F-36B8-86E6-205EF2B8D053}
		{0D6DA0F8-F8AF-3C4A-8ACB-3DD5E51C5408} = {0D6DA0F8-F8AF-3C4A-8ACB-3DD5E51C5408}
	EndProjectSection
EndProject
Project("{8BC9CEB8-8B4A-11D0-8D11-00A0C91BC942}") = "luac", "luac.vcxproj", "{CC182B91-BE13-3CEE-9F31-A168D5D772BE}"
	ProjectSection(ProjectDependencies) = postProject
		{A5A7E793-F8DD-3CE7-87C9-D364E9F2F0AE} = {A5A7E793-F8DD-3CE7-87C9-D364E9F2F0AE}
		{5BA9063A-BB5F-36B8-86E6-205EF2B8D053} = {5BA9063A-BB5F-36B8-86E6-205EF2B8D053}
		{0D6DA0F8-F8AF-3C4A-8ACB-3DD5E51C5408} = {0D6DA0F8-F8AF-3C4A-8ACB-3DD5E51C5408}
	EndProjectSection
EndProject
Project("{8BC9CEB8-8B4A-11D0-8D11-00A0C91BC942}") = "uninstall", "uninstall.vcxproj", "{56DBEB7E-4A09-3099-84AE-CDCB5D30092B}"
	ProjectSection(ProjectDependencies) = postProject
		{0D6DA0F8-F8AF-3C4A-8ACB-3DD5E51C5408} = {0D6DA0F8-F8AF-3C4A-8ACB-3DD5E51C5408}
	EndProjectSection
EndProject
Global
	GlobalSection(SolutionConfigurationPlatforms) = preSolution
		Debug|Win32 = Debug|Win32
		Release|Win32 = Release|Win32
		MinSizeRel|Win32 = MinSizeRel|Win32
		RelWithDebInfo|Win32 = RelWithDebInfo|Win32
	EndGlobalSection
	GlobalSection(ProjectConfigurationPlatforms) = postSolution
		{352A217E-886A-3206-B9B4-2209B866C8B0}.Debug|Win32.ActiveCfg = Debug|Win32
		{352A217E-886A-3206-B9B4-2209B866C8B0}.Debug|Win32.Build.0 = Debug|Win32
		{352A217E-886A-3206-B9B4-2209B866C8B0}.Release|Win32.ActiveCfg = Release|Win32
		{352A217E-886A-3206-B9B4-2209B866C8B0}.Release|Win32.Build.0 = Release|Win32
		{352A217E-886A-3206-B9B4-2209B866C8B0}.MinSizeRel|Win32.ActiveCfg = MinSizeRel|Win32
		{352A217E-886A-3206-B9B4-2209B866C8B0}.MinSizeRel|Win32.Build.0 = MinSizeRel|Win32
		{352A217E-886A-3206-B9B4-2209B866C8B0}.RelWithDebInfo|Win32.ActiveCfg = RelWithDebInfo|Win32
		{352A217E-886A-3206-B9B4-2209B866C8B0}.RelWithDebInfo|Win32.Build.0 = RelWithDebInfo|Win32
		{57D89A53-BE50-3DF6-BF2F-7DE8D2D29A66}.Debug|Win32.ActiveCfg = Debug|Win32
		{57D89A53-BE50-3DF6-BF2F-7DE8D2D29A66}.Debug|Win32.Build.0 = Debug|Win32
		{57D89A53-BE50-3DF6-BF2F-7DE8D2D29A66}.Release|Win32.ActiveCfg = Release|Win32
		{57D89A53-BE50-3DF6-BF2F-7DE8D2D29A66}.Release|Win32.Build.0 = Release|Win32
		{57D89A53-BE50-3DF6-BF2F-7DE8D2D29A66}.MinSizeRel|Win32.ActiveCfg = MinSizeRel|Win32
		{57D89A53-BE50-3DF6-BF2F-7DE8D2D29A66}.MinSizeRel|Win32.Build.0 = MinSizeRel|Win32
		{57D89A53-BE50-3DF6-BF2F-7DE8D2D29A66}.RelWithDebInfo|Win32.ActiveCfg = RelWithDebInfo|Win32
		{57D89A53-BE50-3DF6-BF2F-7DE8D2D29A66}.RelWithDebInfo|Win32.Build.0 = RelWithDebInfo|Win32
		{4627604E-C3C7-3B8B-8973-3E8E0298B4F5}.Debug|Win32.ActiveCfg = Debug|Win32
		{4627604E-C3C7-3B8B-8973-3E8E0298B4F5}.Release|Win32.ActiveCfg = Release|Win32
		{4627604E-C3C7-3B8B-8973-3E8E0298B4F5}.MinSizeRel|Win32.ActiveCfg = MinSizeRel|Win32
		{4627604E-C3C7-3B8B-8973-3E8E0298B4F5}.RelWithDebInfo|Win32.ActiveCfg = RelWithDebInfo|Win32
		{1DB7BC2A-FFCA-3752-8F71-F500DF09FC8E}.Debug|Win32.ActiveCfg = Debug|Win32
		{1DB7BC2A-FFCA-3752-8F71-F500DF09FC8E}.Debug|Win32.Build.0 = Debug|Win32
		{1DB7BC2A-FFCA-3752-8F71-F500DF09FC8E}.Release|Win32.ActiveCfg = Release|Win32
		{1DB7BC2A-FFCA-3752-8F71-F500DF09FC8E}.Release|Win32.Build.0 = Release|Win32
		{1DB7BC2A-FFCA-3752-8F71-F500DF09FC8E}.MinSizeRel|Win32.ActiveCfg = MinSizeRel|Win32
		{1DB7BC2A-FFCA-3752-8F71-F500DF09FC8E}.MinSizeRel|Win32.Build.0 = MinSizeRel|Win32
		{1DB7BC2A-FFCA-3752-8F71-F500DF09FC8E}.RelWithDebInfo|Win32.ActiveCfg = RelWithDebInfo|Win32
		{1DB7BC2A-FFCA-3752-8F71-F500DF09FC8E}.RelWithDebInfo|Win32.Build.0 = RelWithDebInfo|Win32
		{2B8A8C04-3B9B-3D86-BC0A-4076359A998F}.Debug|Win32.ActiveCfg = Debug|Win32
		{2B8A8C04-3B9B-3D86-BC0A-4076359A998F}.Debug|Win32.Build.0 = Debug|Win32
		{2B8A8C04-3B9B-3D86-BC0A-4076359A998F}.Release|Win32.ActiveCfg = Release|Win32
		{2B8A8C04-3B9B-3D86-BC0A-4076359A998F}.Release|Win32.Build.0 = Release|Win32
		{2B8A8C04-3B9B-3D86-BC0A-4076359A998F}.MinSizeRel|Win32.ActiveCfg = MinSizeRel|Win32
		{2B8A8C04-3B9B-3D86-BC0A-4076359A998F}.MinSizeRel|Win32.Build.0 = MinSizeRel|Win32
		{2B8A8C04-3B9B-3D86-BC0A-4076359A998F}.RelWithDebInfo|Win32.ActiveCfg = RelWithDebInfo|Win32
		{2B8A8C04-3B9B-3D86-BC0A-4076359A998F}.RelWithDebInfo|Win32.Build.0 = RelWithDebInfo|Win32
		{F8345A8B-1A4D-3C65-BF36-7D4C76FE1F78}.Debug|Win32.ActiveCfg = Debug|Win32
		{F8345A8B-1A4D-3C65-BF36-7D4C76FE1F78}.Debug|Win32.Build.0 = Debug|Win32
		{F8345A8B-1A4D-3C65-BF36-7D4C76FE1F78}.Release|Win32.ActiveCfg = Release|Win32
		{F8345A8B-1A4D-3C65-BF36-7D4C76FE1F78}.Release|Win32.Build.0 = Release|Win32
		{F8345A8B-1A4D-3C65-BF36-7D4C76FE1F78}.MinSizeRel|Win32.ActiveCfg = MinSizeRel|Win32
		{F8345A8B-1A4D-3C65-BF36-7D4C76FE1F78}.MinSizeRel|Win32.Build.0 = MinSizeRel|Win32
		{F8345A8B-1A4D-3C65-BF36-7D4C76FE1F78}.RelWithDebInfo|Win32.ActiveCfg = RelWithDebInfo|Win32
		{F8345A8B-1A4D-3C65-BF36-7D4C76FE1F78}.RelWithDebInfo|Win32.Build.0 = RelWithDebInfo|Win32
		{E280264C-6B90-3D46-8460-1A7AA340DC6A}.Debug|Win32.ActiveCfg = Debug|Win32
		{E280264C-6B90-3D46-8460-1A7AA340DC6A}.Debug|Win32.Build.0 = Debug|Win32
		{E280264C-6B90-3D46-8460-1A7AA340DC6A}.Release|Win32.ActiveCfg = Release|Win32
		{E280264C-6B90-3D46-8460-1A7AA340DC6A}.Release|Win32.Build.0 = Release|Win32
		{E280264C-6B90-3D46-8460-1A7AA340DC6A}.MinSizeRel|Win32.ActiveCfg = MinSizeRel|Win32
		{E280264C-6B90-3D46-8460-1A7AA340DC6A}.MinSizeRel|Win32.Build.0 = MinSizeRel|Win32
		{E280264C-6B90-3D46-8460-1A7AA340DC6A}.RelWithDebInfo|Win32.ActiveCfg = RelWithDebInfo|Win32
		{E280264C-6B90-3D46-8460-1A7AA340DC6A}.RelWithDebInfo|Win32.Build.0 = RelWithDebInfo|Win32
		{A5A7E793-F8DD-3CE7-87C9-D364E9F2F0AE}.Debug|Win32.ActiveCfg = Debug|Win32
		{A5A7E793-F8DD-3CE7-87C9-D364E9F2F0AE}.Debug|Win32.Build.0 = Debug|Win32
		{A5A7E793-F8DD-3CE7-87C9-D364E9F2F0AE}.Release|Win32.ActiveCfg = Release|Win32
		{A5A7E793-F8DD-3CE7-87C9-D364E9F2F0AE}.Release|Win32.Build.0 = Release|Win32
		{A5A7E793-F8DD-3CE7-87C9-D364E9F2F0AE}.MinSizeRel|Win32.ActiveCfg = MinSizeRel|Win32
		{A5A7E793-F8DD-3CE7-87C9-D364E9F2F0AE}.MinSizeRel|Win32.Build.0 = MinSizeRel|Win32
		{A5A7E793-F8DD-3CE7-87C9-D364E9F2F0AE}.RelWithDebInfo|Win32.ActiveCfg = RelWithDebInfo|Win32
		{A5A7E793-F8DD-3CE7-87C9-D364E9F2F0AE}.RelWithDebInfo|Win32.Build.0 = RelWithDebInfo|Win32
		{85A0FB8F-4755-3447-8E75-D2521B0C248E}.Debug|Win32.ActiveCfg = Debug|Win32
		{85A0FB8F-4755-3447-8E75-D2521B0C248E}.Debug|Win32.Build.0 = Debug|Win32
		{85A0FB8F-4755-3447-8E75-D2521B0C248E}.Release|Win32.ActiveCfg = Release|Win32
		{85A0FB8F-4755-3447-8E75-D2521B0C248E}.Release|Win32.Build.0 = Release|Win32
		{85A0FB8F-4755-3447-8E75-D2521B0C248E}.MinSizeRel|Win32.ActiveCfg = MinSizeRel|Win32
		{85A0FB8F-4755-3447-8E75-D2521B0C248E}.MinSizeRel|Win32.Build.0 = MinSizeRel|Win32
		{85A0FB8F-4755-3447-8E75-D2521B0C248E}.RelWithDebInfo|Win32.ActiveCfg = RelWithDebInfo|Win32
		{85A0FB8F-4755-3447-8E75-D2521B0C248E}.RelWithDebInfo|Win32.Build.0 = RelWithDebInfo|Win32
		{D4D1808C-3A2A-3036-8896-105CF42CB52E}.Debug|Win32.ActiveCfg = Debug|Win32
		{D4D1808C-3A2A-3036-8896-105CF42CB52E}.Debug|Win32.Build.0 = Debug|Win32
		{D4D1808C-3A2A-3036-8896-105CF42CB52E}.Release|Win32.ActiveCfg = Release|Win32
		{D4D1808C-3A2A-3036-8896-105CF42CB52E}.Release|Win32.Build.0 = Release|Win32
		{D4D1808C-3A2A-3036-8896-105CF42CB52E}.MinSizeRel|Win32.ActiveCfg = MinSizeRel|Win32
		{D4D1808C-3A2A-3036-8896-105CF42CB52E}.MinSizeRel|Win32.Build.0 = MinSizeRel|Win32
		{D4D1808C-3A2A-3036-8896-105CF42CB52E}.RelWithDebInfo|Win32.ActiveCfg = RelWithDebInfo|Win32
		{D4D1808C-3A2A-3036-8896-105CF42CB52E}.RelWithDebInfo|Win32.Build.0 = RelWithDebInfo|Win32
		{5BA9063A-BB5F-36B8-86E6-205EF2B8D053}.Debug|Win32.ActiveCfg = Debug|Win32
		{5BA9063A-BB5F-36B8-86E6-205EF2B8D053}.Debug|Win32.Build.0 = Debug|Win32
		{5BA9063A-BB5F-36B8-86E6-205EF2B8D053}.Release|Win32.ActiveCfg = Release|Win32
		{5BA9063A-BB5F-36B8-86E6-205EF2B8D053}.Release|Win32.Build.0 = Release|Win32
		{5BA9063A-BB5F-36B8-86E6-205EF2B8D053}.MinSizeRel|Win32.ActiveCfg = MinSizeRel|Win32
		{5BA9063A-BB5F-36B8-86E6-205EF2B8D053}.MinSizeRel|Win32.Build.0 = MinSizeRel|Win32
		{5BA9063A-BB5F-36B8-86E6-205EF2B8D053}.RelWithDebInfo|Win32.ActiveCfg = RelWithDebInfo|Win32
		{5BA9063A-BB5F-36B8-86E6-205EF2B8D053}.RelWithDebInfo|Win32.Build.0 = RelWithDebInfo|Win32
		{0AD00D55-BAE9-342F-8C96-E72A2985FF5E}.Debug|Win32.ActiveCfg = Debug|Win32
		{0AD00D55-BAE9-342F-8C96-E72A2985FF5E}.Debug|Win32.Build.0 = Debug|Win32
		{0AD00D55-BAE9-342F-8C96-E72A2985FF5E}.Release|Win32.ActiveCfg = Release|Win32
		{0AD00D55-BAE9-342F-8C96-E72A2985FF5E}.Release|Win32.Build.0 = Release|Win32
		{0AD00D55-BAE9-342F-8C96-E72A2985FF5E}.MinSizeRel|Win32.ActiveCfg = MinSizeRel|Win32
		{0AD00D55-BAE9-342F-8C96-E72A2985FF5E}.MinSizeRel|Win32.Build.0 = MinSizeRel|Win32
		{0AD00D55-BAE9-342F-8C96-E72A2985FF5E}.RelWithDebInfo|Win32.ActiveCfg = RelWithDebInfo|Win32
		{0AD00D55-BAE9-342F-8C96-E72A2985FF5E}.RelWithDebInfo|Win32.Build.0 = RelWithDebInfo|Win32
		{5C4C2D68-11E5-383A-96C0-B9B972083DDD}.Debug|Win32.ActiveCfg = Debug|Win32
		{5C4C2D68-11E5-383A-96C0-B9B972083DDD}.Release|Win32.ActiveCfg = Release|Win32
		{5C4C2D68-11E5-383A-96C0-B9B972083DDD}.MinSizeRel|Win32.ActiveCfg = MinSizeRel|Win32
		{5C4C2D68-11E5-383A-96C0-B9B972083DDD}.RelWithDebInfo|Win32.ActiveCfg = RelWithDebInfo|Win32
		{0D6DA0F8-F8AF-3C4A-8ACB-3DD5E51C5408}.Debug|Win32.ActiveCfg = Debug|Win32
		{0D6DA0F8-F8AF-3C4A-8ACB-3DD5E51C5408}.Debug|Win32.Build.0 = Debug|Win32
		{0D6DA0F8-F8AF-3C4A-8ACB-3DD5E51C5408}.Release|Win32.ActiveCfg = Release|Win32
		{0D6DA0F8-F8AF-3C4A-8ACB-3DD5E51C5408}.Release|Win32.Build.0 = Release|Win32
		{0D6DA0F8-F8AF-3C4A-8ACB-3DD5E51C5408}.MinSizeRel|Win32.ActiveCfg = MinSizeRel|Win32
		{0D6DA0F8-F8AF-3C4A-8ACB-3DD5E51C5408}.MinSizeRel|Win32.Build.0 = MinSizeRel|Win32
		{0D6DA0F8-F8AF-3C4A-8ACB-3DD5E51C5408}.RelWithDebInfo|Win32.ActiveCfg = RelWithDebInfo|Win32
		{0D6DA0F8-F8AF-3C4A-8ACB-3DD5E51C5408}.RelWithDebInfo|Win32.Build.0 = RelWithDebInfo|Win32
		{DA13E4EE-1C7B-3F37-B27B-22E634E19386}.Debug|Win32.ActiveCfg = Debug|Win32
		{DA13E4EE-1C7B-3F37-B27B-22E634E19386}.Release|Win32.ActiveCfg = Release|Win32
		{DA13E4EE-1C7B-3F37-B27B-22E634E19386}.MinSizeRel|Win32.ActiveCfg = MinSizeRel|Win32
		{DA13E4EE-1C7B-3F37-B27B-22E634E19386}.RelWithDebInfo|Win32.ActiveCfg = RelWithDebInfo|Win32
		{FE359736-A35E-3BEE-B88A-CE1DCC065FAE}.Debug|Win32.ActiveCfg = Debug|Win32
		{FE359736-A35E-3BEE-B88A-CE1DCC065FAE}.Release|Win32.ActiveCfg = Release|Win32
		{FE359736-A35E-3BEE-B88A-CE1DCC065FAE}.MinSizeRel|Win32.ActiveCfg = MinSizeRel|Win32
		{FE359736-A35E-3BEE-B88A-CE1DCC065FAE}.RelWithDebInfo|Win32.ActiveCfg = RelWithDebInfo|Win32
		{D5494E20-6E54-34C9-B55B-C9F6B4956A57}.Debug|Win32.ActiveCfg = Debug|Win32
		{D5494E20-6E54-34C9-B55B-C9F6B4956A57}.Debug|Win32.Build.0 = Debug|Win32
		{D5494E20-6E54-34C9-B55B-C9F6B4956A57}.Release|Win32.ActiveCfg = Release|Win32
		{D5494E20-6E54-34C9-B55B-C9F6B4956A57}.Release|Win32.Build.0 = Release|Win32
		{D5494E20-6E54-34C9-B55B-C9F6B4956A57}.MinSizeRel|Win32.ActiveCfg = MinSizeRel|Win32
		{D5494E20-6E54-34C9-B55B-C9F6B4956A57}.MinSizeRel|Win32.Build.0 = MinSizeRel|Win32
		{D5494E20-6E54-34C9-B55B-C9F6B4956A57}.RelWithDebInfo|Win32.ActiveCfg = RelWithDebInfo|Win32
		{D5494E20-6E54-34C9-B55B-C9F6B4956A57}.RelWithDebInfo|Win32.Build.0 = RelWithDebInfo|Win32
		{CC182B91-BE13-3CEE-9F31-A168D5D772BE}.Debug|Win32.ActiveCfg = Debug|Win32
		{CC182B91-BE13-3CEE-9F31-A168D5D772BE}.Debug|Win32.Build.0 = Debug|Win32
		{CC182B91-BE13-3CEE-9F31-A168D5D772BE}.Release|Win32.ActiveCfg = Release|Win32
		{CC182B91-BE13-3CEE-9F31-A168D5D772BE}.Release|Win32.Build.0 = Release|Win32
		{CC182B91-BE13-3CEE-9F31-A168D5D772BE}.MinSizeRel|Win32.ActiveCfg = MinSizeRel|Win32
		{CC182B91-BE13-3CEE-9F31-A168D5D772BE}.MinSizeRel|Win32.Build.0 = MinSizeRel|Win32
		{CC182B91-BE13-3CEE-9F31-A168D5D772BE}.RelWithDebInfo|Win32.ActiveCfg = RelWithDebInfo|Win32
		{CC182B91-BE13-3CEE-9F31-A168D5D772BE}.RelWithDebInfo|Win32.Build.0 = RelWithDebInfo|Win32
		{56DBEB7E-4A09-3099-84AE-CDCB5D30092B}.Debug|Win32.ActiveCfg = Debug|Win32
		{56DBEB7E-4A09-3099-84AE-CDCB5D30092B}.Release|Win32.ActiveCfg = Release|Win32
		{56DBEB7E-4A09-3099-84AE-CDCB5D30092B}.MinSizeRel|Win32.ActiveCfg = MinSizeRel|Win32
		{56DBEB7E-4A09-3099-84AE-CDCB5D30092B}.RelWithDebInfo|Win32.ActiveCfg = RelWithDebInfo|Win32
	EndGlobalSection
	GlobalSection(ExtensibilityGlobals) = postSolution
		SolutionGuid = {F89B14AA-7ACF-3D35-854C-BBDBF3DE05BE}
	EndGlobalSection
	GlobalSection(ExtensibilityAddIns) = postSolution
	EndGlobalSection
EndGlobal
