<?xml version="1.0" encoding="utf-8"?>
<Project ToolsVersion="14.0" xmlns="http://schemas.microsoft.com/developer/msbuild/2003">
  <ItemGroup>
    <CustomBuild Include="C:\work\temp_jim\test_project_repo\buildbot_windows32\CMakeFiles\fbc8071185e2cfd18e206a7ff2294ca7\generate.stamp.rule">
      <Filter>CMake Rules</Filter>
    </CustomBuild>
  </ItemGroup>
  <ItemGroup>
    <Filter Include="CMake Rules">
      <UniqueIdentifier>{9BE6457C-DE32-3444-A374-1DBC5345593A}</UniqueIdentifier>
    </Filter>
  </ItemGroup>
</Project>
